
Microsoft Visual Studio Solution File, Format Version 12.00
# Visual Studio Version 17
VisualStudioVersion = 17.0.31903.59
MinimumVisualStudioVersion = 10.0.40219.1
Project("{2150E333-8FDC-42A3-9474-1A3956D46DE8}") = "src", "src", "{827E0CD3-B72D-47B6-A68D-7590B98EB39B}"
EndProject
Project("{FAE04EC0-301F-11D3-BF4B-00C04F79EFBC}") = "Contracts", "src\Contracts\Contracts.csproj", "{3E9F139A-B1FB-4542-8186-0D0F855A1A8C}"
EndProject
Project("{FAE04EC0-301F-11D3-BF4B-00C04F79EFBC}") = "OrderModule", "src\OrderModule\OrderModule.csproj", "{5521DDC8-3A4E-43D1-9E37-522D566E5101}"
EndProject
Project("{FAE04EC0-301F-11D3-BF4B-00C04F79EFBC}") = "DeliveryModule", "src\DeliveryModule\DeliveryModule.csproj", "{F4E2793C-3536-459E-9D26-C425D10CD5FD}"
EndProject
Project("{FAE04EC0-301F-11D3-BF4B-00C04F79EFBC}") = "ApiHost", "src\ApiHost\ApiHost.csproj", "{4019EEAC-B253-4B2C-9013-61750DB05BA9}"
EndProject
Project("{2150E333-8FDC-42A3-9474-1A3956D46DE8}") = "tests", "tests", "{0AB3BF05-4346-4AA6-1389-037BE0695223}"
EndProject
Project("{FAE04EC0-301F-11D3-BF4B-00C04F79EFBC}") = "OrderModule.Tests", "tests\OrderModule.Tests\OrderModule.Tests.csproj", "{8183B170-1D90-40DA-B71B-C4D5F5FCB6D2}"
EndProject
Project("{FAE04EC0-301F-11D3-BF4B-00C04F79EFBC}") = "Integration.Tests", "tests\Integration.Tests\Integration.Tests.csproj", "{4A64888C-B7EC-4B3D-9D43-964D0F3066E5}"
EndProject
Global
	GlobalSection(SolutionConfigurationPlatforms) = preSolution
		Debug|Any CPU = Debug|Any CPU
		Debug|x64 = Debug|x64
		Debug|x86 = Debug|x86
		Release|Any CPU = Release|Any CPU
		Release|x64 = Release|x64
		Release|x86 = Release|x86
	EndGlobalSection
	GlobalSection(ProjectConfigurationPlatforms) = postSolution
		{3E9F139A-B1FB-4542-8186-0D0F855A1A8C}.Debug|Any CPU.ActiveCfg = Debug|Any CPU
		{3E9F139A-B1FB-4542-8186-0D0F855A1A8C}.Debug|Any CPU.Build.0 = Debug|Any CPU
		{3E9F139A-B1FB-4542-8186-0D0F855A1A8C}.Debug|x64.ActiveCfg = Debug|Any CPU
		{3E9F139A-B1FB-4542-8186-0D0F855A1A8C}.Debug|x64.Build.0 = Debug|Any CPU
		{3E9F139A-B1FB-4542-8186-0D0F855A1A8C}.Debug|x86.ActiveCfg = Debug|Any CPU
		{3E9F139A-B1FB-4542-8186-0D0F855A1A8C}.Debug|x86.Build.0 = Debug|Any CPU
		{3E9F139A-B1FB-4542-8186-0D0F855A1A8C}.Release|Any CPU.ActiveCfg = Release|Any CPU
		{3E9F139A-B1FB-4542-8186-0D0F855A1A8C}.Release|Any CPU.Build.0 = Release|Any CPU
		{3E9F139A-B1FB-4542-8186-0D0F855A1A8C}.Release|x64.ActiveCfg = Release|Any CPU
		{3E9F139A-B1FB-4542-8186-0D0F855A1A8C}.Release|x64.Build.0 = Release|Any CPU
		{3E9F139A-B1FB-4542-8186-0D0F855A1A8C}.Release|x86.ActiveCfg = Release|Any CPU
		{3E9F139A-B1FB-4542-8186-0D0F855A1A8C}.Release|x86.Build.0 = Release|Any CPU
		{5521DDC8-3A4E-43D1-9E37-522D566E5101}.Debug|Any CPU.ActiveCfg = Debug|Any CPU
		{5521DDC8-3A4E-43D1-9E37-522D566E5101}.Debug|Any CPU.Build.0 = Debug|Any CPU
		{5521DDC8-3A4E-43D1-9E37-522D566E5101}.Debug|x64.ActiveCfg = Debug|Any CPU
		{5521DDC8-3A4E-43D1-9E37-522D566E5101}.Debug|x64.Build.0 = Debug|Any CPU
		{5521DDC8-3A4E-43D1-9E37-522D566E5101}.Debug|x86.ActiveCfg = Debug|Any CPU
		{5521DDC8-3A4E-43D1-9E37-522D566E5101}.Debug|x86.Build.0 = Debug|Any CPU
		{5521DDC8-3A4E-43D1-9E37-522D566E5101}.Release|Any CPU.ActiveCfg = Release|Any CPU
		{5521DDC8-3A4E-43D1-9E37-522D566E5101}.Release|Any CPU.Build.0 = Release|Any CPU
		{5521DDC8-3A4E-43D1-9E37-522D566E5101}.Release|x64.ActiveCfg = Release|Any CPU
		{5521DDC8-3A4E-43D1-9E37-522D566E5101}.Release|x64.Build.0 = Release|Any CPU
		{5521DDC8-3A4E-43D1-9E37-522D566E5101}.Release|x86.ActiveCfg = Release|Any CPU
		{5521DDC8-3A4E-43D1-9E37-522D566E5101}.Release|x86.Build.0 = Release|Any CPU
		{F4E2793C-3536-459E-9D26-C425D10CD5FD}.Debug|Any CPU.ActiveCfg = Debug|Any CPU
		{F4E2793C-3536-459E-9D26-C425D10CD5FD}.Debug|Any CPU.Build.0 = Debug|Any CPU
		{F4E2793C-3536-459E-9D26-C425D10CD5FD}.Debug|x64.ActiveCfg = Debug|Any CPU
		{F4E2793C-3536-459E-9D26-C425D10CD5FD}.Debug|x64.Build.0 = Debug|Any CPU
		{F4E2793C-3536-459E-9D26-C425D10CD5FD}.Debug|x86.ActiveCfg = Debug|Any CPU
		{F4E2793C-3536-459E-9D26-C425D10CD5FD}.Debug|x86.Build.0 = Debug|Any CPU
		{F4E2793C-3536-459E-9D26-C425D10CD5FD}.Release|Any CPU.ActiveCfg = Release|Any CPU
		{F4E2793C-3536-459E-9D26-C425D10CD5FD}.Release|Any CPU.Build.0 = Release|Any CPU
		{F4E2793C-3536-459E-9D26-C425D10CD5FD}.Release|x64.ActiveCfg = Release|Any CPU
		{F4E2793C-3536-459E-9D26-C425D10CD5FD}.Release|x64.Build.0 = Release|Any CPU
		{F4E2793C-3536-459E-9D26-C425D10CD5FD}.Release|x86.ActiveCfg = Release|Any CPU
		{F4E2793C-3536-459E-9D26-C425D10CD5FD}.Release|x86.Build.0 = Release|Any CPU
		{4019EEAC-B253-4B2C-9013-61750DB05BA9}.Debug|Any CPU.ActiveCfg = Debug|Any CPU
		{4019EEAC-B253-4B2C-9013-61750DB05BA9}.Debug|Any CPU.Build.0 = Debug|Any CPU
		{4019EEAC-B253-4B2C-9013-61750DB05BA9}.Debug|x64.ActiveCfg = Debug|Any CPU
		{4019EEAC-B253-4B2C-9013-61750DB05BA9}.Debug|x64.Build.0 = Debug|Any CPU
		{4019EEAC-B253-4B2C-9013-61750DB05BA9}.Debug|x86.ActiveCfg = Debug|Any CPU
		{4019EEAC-B253-4B2C-9013-61750DB05BA9}.Debug|x86.Build.0 = Debug|Any CPU
		{4019EEAC-B253-4B2C-9013-61750DB05BA9}.Release|Any CPU.ActiveCfg = Release|Any CPU
		{4019EEAC-B253-4B2C-9013-61750DB05BA9}.Release|Any CPU.Build.0 = Release|Any CPU
		{4019EEAC-B253-4B2C-9013-61750DB05BA9}.Release|x64.ActiveCfg = Release|Any CPU
		{4019EEAC-B253-4B2C-9013-61750DB05BA9}.Release|x64.Build.0 = Release|Any CPU
		{4019EEAC-B253-4B2C-9013-61750DB05BA9}.Release|x86.ActiveCfg = Release|Any CPU
		{4019EEAC-B253-4B2C-9013-61750DB05BA9}.Release|x86.Build.0 = Release|Any CPU
		{8183B170-1D90-40DA-B71B-C4D5F5FCB6D2}.Debug|Any CPU.ActiveCfg = Debug|Any CPU
		{8183B170-1D90-40DA-B71B-C4D5F5FCB6D2}.Debug|Any CPU.Build.0 = Debug|Any CPU
		{8183B170-1D90-40DA-B71B-C4D5F5FCB6D2}.Debug|x64.ActiveCfg = Debug|Any CPU
		{8183B170-1D90-40DA-B71B-C4D5F5FCB6D2}.Debug|x64.Build.0 = Debug|Any CPU
		{8183B170-1D90-40DA-B71B-C4D5F5FCB6D2}.Debug|x86.ActiveCfg = Debug|Any CPU
		{8183B170-1D90-40DA-B71B-C4D5F5FCB6D2}.Debug|x86.Build.0 = Debug|Any CPU
		{8183B170-1D90-40DA-B71B-C4D5F5FCB6D2}.Release|Any CPU.ActiveCfg = Release|Any CPU
		{8183B170-1D90-40DA-B71B-C4D5F5FCB6D2}.Release|Any CPU.Build.0 = Release|Any CPU
		{8183B170-1D90-40DA-B71B-C4D5F5FCB6D2}.Release|x64.ActiveCfg = Release|Any CPU
		{8183B170-1D90-40DA-B71B-C4D5F5FCB6D2}.Release|x64.Build.0 = Release|Any CPU
		{8183B170-1D90-40DA-B71B-C4D5F5FCB6D2}.Release|x86.ActiveCfg = Release|Any CPU
		{8183B170-1D90-40DA-B71B-C4D5F5FCB6D2}.Release|x86.Build.0 = Release|Any CPU
		{4A64888C-B7EC-4B3D-9D43-964D0F3066E5}.Debug|Any CPU.ActiveCfg = Debug|Any CPU
		{4A64888C-B7EC-4B3D-9D43-964D0F3066E5}.Debug|Any CPU.Build.0 = Debug|Any CPU
		{4A64888C-B7EC-4B3D-9D43-964D0F3066E5}.Debug|x64.ActiveCfg = Debug|Any CPU
		{4A64888C-B7EC-4B3D-9D43-964D0F3066E5}.Debug|x64.Build.0 = Debug|Any CPU
		{4A64888C-B7EC-4B3D-9D43-964D0F3066E5}.Debug|x86.ActiveCfg = Debug|Any CPU
		{4A64888C-B7EC-4B3D-9D43-964D0F3066E5}.Debug|x86.Build.0 = Debug|Any CPU
		{4A64888C-B7EC-4B3D-9D43-964D0F3066E5}.Release|Any CPU.ActiveCfg = Release|Any CPU
		{4A64888C-B7EC-4B3D-9D43-964D0F3066E5}.Release|Any CPU.Build.0 = Release|Any CPU
		{4A64888C-B7EC-4B3D-9D43-964D0F3066E5}.Release|x64.ActiveCfg = Release|Any CPU
		{4A64888C-B7EC-4B3D-9D43-964D0F3066E5}.Release|x64.Build.0 = Release|Any CPU
		{4A64888C-B7EC-4B3D-9D43-964D0F3066E5}.Release|x86.ActiveCfg = Release|Any CPU
		{4A64888C-B7EC-4B3D-9D43-964D0F3066E5}.Release|x86.Build.0 = Release|Any CPU
	EndGlobalSection
	GlobalSection(SolutionProperties) = preSolution
		HideSolutionNode = FALSE
	EndGlobalSection
	GlobalSection(NestedProjects) = preSolution
		{3E9F139A-B1FB-4542-8186-0D0F855A1A8C} = {827E0CD3-B72D-47B6-A68D-7590B98EB39B}
		{5521DDC8-3A4E-43D1-9E37-522D566E5101} = {827E0CD3-B72D-47B6-A68D-7590B98EB39B}
		{F4E2793C-3536-459E-9D26-C425D10CD5FD} = {827E0CD3-B72D-47B6-A68D-7590B98EB39B}
		{4019EEAC-B253-4B2C-9013-61750DB05BA9} = {827E0CD3-B72D-47B6-A68D-7590B98EB39B}
		{8183B170-1D90-40DA-B71B-C4D5F5FCB6D2} = {0AB3BF05-4346-4AA6-1389-037BE0695223}
		{4A64888C-B7EC-4B3D-9D43-964D0F3066E5} = {0AB3BF05-4346-4AA6-1389-037BE0695223}
	EndGlobalSection
EndGlobal
